
Microsoft Visual Studio Solution File, Format Version 12.00
# Visual Studio 15
VisualStudioVersion = 15.0.28307.421
MinimumVisualStudioVersion = 10.0.40219.1
Project("{FAE04EC0-301F-11D3-BF4B-00C04F79EFBC}") = "TripleTriadMaster", "TripleTriadMaster\TripleTriadMaster.csproj", "{D94225AF-37C7-4C30-8C2C-1D88BD7EB5FA}"
EndProject
Project("{FAE04EC0-301F-11D3-BF4B-00C04F79EFBC}") = "Core", "Core\Core.csproj", "{4D211636-324A-41B7-B190-D6B90412A4AD}"
EndProject
Project("{FAE04EC0-301F-11D3-BF4B-00C04F79EFBC}") = "HtmlToXml", "HtmlToXml\HtmlToXml.csproj", "{0687570E-010C-485F-BABE-781BCD7037F4}"
EndProject
Project("{FAE04EC0-301F-11D3-BF4B-00C04F79EFBC}") = "AI", "AI\AI.csproj", "{E5930B35-90AB-4070-A083-0483D7344E4A}"
EndProject
Global
	GlobalSection(SolutionConfigurationPlatforms) = preSolution
		Debug|x64 = Debug|x64
		Release|x64 = Release|x64
	EndGlobalSection
	GlobalSection(ProjectConfigurationPlatforms) = postSolution
		{D94225AF-37C7-4C30-8C2C-1D88BD7EB5FA}.Debug|x64.ActiveCfg = Debug|x64
		{D94225AF-37C7-4C30-8C2C-1D88BD7EB5FA}.Debug|x64.Build.0 = Debug|x64
		{D94225AF-37C7-4C30-8C2C-1D88BD7EB5FA}.Release|x64.ActiveCfg = Release|x64
		{D94225AF-37C7-4C30-8C2C-1D88BD7EB5FA}.Release|x64.Build.0 = Release|x64
		{4D211636-324A-41B7-B190-D6B90412A4AD}.Debug|x64.ActiveCfg = Debug|x64
		{4D211636-324A-41B7-B190-D6B90412A4AD}.Debug|x64.Build.0 = Debug|x64
		{4D211636-324A-41B7-B190-D6B90412A4AD}.Release|x64.ActiveCfg = Release|x64
		{4D211636-324A-41B7-B190-D6B90412A4AD}.Release|x64.Build.0 = Release|x64
		{0687570E-010C-485F-BABE-781BCD7037F4}.Debug|x64.ActiveCfg = Debug|x64
		{0687570E-010C-485F-BABE-781BCD7037F4}.Debug|x64.Build.0 = Debug|x64
		{0687570E-010C-485F-BABE-781BCD7037F4}.Release|x64.ActiveCfg = Release|x64
		{0687570E-010C-485F-BABE-781BCD7037F4}.Release|x64.Build.0 = Release|x64
		{E5930B35-90AB-4070-A083-0483D7344E4A}.Debug|x64.ActiveCfg = Debug|Any CPU
		{E5930B35-90AB-4070-A083-0483D7344E4A}.Debug|x64.Build.0 = Debug|Any CPU
		{E5930B35-90AB-4070-A083-0483D7344E4A}.Release|x64.ActiveCfg = Release|x64
		{E5930B35-90AB-4070-A083-0483D7344E4A}.Release|x64.Build.0 = Release|x64
	EndGlobalSection
	GlobalSection(SolutionProperties) = preSolution
		HideSolutionNode = FALSE
	EndGlobalSection
	GlobalSection(ExtensibilityGlobals) = postSolution
		SolutionGuid = {9E8A7B21-ED0F-433F-A97C-16EA98D0C837}
	EndGlobalSection
EndGlobal
